
Microsoft Visual Studio Solution File, Format Version 12.00
# Visual Studio 15
Project("{2150E333-8FDC-42A3-9474-1A3956D46DE8}") = "Services", "Services", "{1FA02203-DCAA-4E65-9C38-439D9C5D5A89}"
EndProject
Project("{2150E333-8FDC-42A3-9474-1A3956D46DE8}") = "WebApps", "WebApps", "{C75811C9-4C20-4BA1-B418-E63189604ECB}"
EndProject
Project("{2150E333-8FDC-42A3-9474-1A3956D46DE8}") = "Cadastros", "Cadastros", "{45EB693A-8818-4FD9-B63B-49D4C53F22CC}"
EndProject
Project("{2150E333-8FDC-42A3-9474-1A3956D46DE8}") = "Catalogo", "Catalogo", "{5301D834-1E98-4FF1-BB18-36ED2BA3CC8A}"
EndProject
Project("{2150E333-8FDC-42A3-9474-1A3956D46DE8}") = "Core", "Core", "{540E0B60-FC08-45BE-B9A8-B6EE8E2C4708}"
EndProject
Project("{2150E333-8FDC-42A3-9474-1A3956D46DE8}") = "Fiscal", "Fiscal", "{0DFA01B7-5BB0-40BE-868F-91D9D567F52D}"
EndProject
Project("{2150E333-8FDC-42A3-9474-1A3956D46DE8}") = "Pagamentos", "Pagamentos", "{6198503B-F5A4-4ECC-A164-3C087F409EBA}"
EndProject
Project("{2150E333-8FDC-42A3-9474-1A3956D46DE8}") = "Vendas", "Vendas", "{B7D6B54B-2BAD-4B07-9166-BD3C99C930CB}"
EndProject
Project("{FAE04EC0-301F-11D3-BF4B-00C04F79EFBC}") = "NerdStore.Catalogo.Domain", "src\NerdStore.Catalogo.Domain\NerdStore.Catalogo.Domain.csproj", "{744C9107-11E3-41E6-BD12-9D95FE92B76A}"
EndProject
Project("{FAE04EC0-301F-11D3-BF4B-00C04F79EFBC}") = "NerdStore.Core", "src\NerdStore.Core\NerdStore.Core.csproj", "{80788E1A-714D-42DD-B0ED-7CFBEF8A67AE}"
EndProject
Project("{FAE04EC0-301F-11D3-BF4B-00C04F79EFBC}") = "NerdStore.Catalogo.Domain.Tests", "tests\NerdStore.Catalogo.Domain.Tests\NerdStore.Catalogo.Domain.Tests.csproj", "{552103F6-E407-457D-BE2E-4C7FB7291CB6}"
EndProject
Project("{FAE04EC0-301F-11D3-BF4B-00C04F79EFBC}") = "NerdStore.Catalogo.Data", "src\NerdStore.Catalogo.Data\NerdStore.Catalogo.Data.csproj", "{432F05F9-B834-4156-885C-6352DDF37E57}"
EndProject
Project("{2150E333-8FDC-42A3-9474-1A3956D46DE8}") = "Tests", "Tests", "{DE652D79-B0D5-40F2-8B91-6E213884FF3D}"
EndProject
Global
	GlobalSection(SolutionConfigurationPlatforms) = preSolution
		Debug|Any CPU = Debug|Any CPU
		Release|Any CPU = Release|Any CPU
	EndGlobalSection
	GlobalSection(ProjectConfigurationPlatforms) = postSolution
		{744C9107-11E3-41E6-BD12-9D95FE92B76A}.Debug|Any CPU.ActiveCfg = Debug|Any CPU
		{744C9107-11E3-41E6-BD12-9D95FE92B76A}.Debug|Any CPU.Build.0 = Debug|Any CPU
		{744C9107-11E3-41E6-BD12-9D95FE92B76A}.Release|Any CPU.ActiveCfg = Release|Any CPU
		{744C9107-11E3-41E6-BD12-9D95FE92B76A}.Release|Any CPU.Build.0 = Release|Any CPU
		{80788E1A-714D-42DD-B0ED-7CFBEF8A67AE}.Debug|Any CPU.ActiveCfg = Debug|Any CPU
		{80788E1A-714D-42DD-B0ED-7CFBEF8A67AE}.Debug|Any CPU.Build.0 = Debug|Any CPU
		{80788E1A-714D-42DD-B0ED-7CFBEF8A67AE}.Release|Any CPU.ActiveCfg = Release|Any CPU
		{80788E1A-714D-42DD-B0ED-7CFBEF8A67AE}.Release|Any CPU.Build.0 = Release|Any CPU
		{552103F6-E407-457D-BE2E-4C7FB7291CB6}.Debug|Any CPU.ActiveCfg = Debug|Any CPU
		{552103F6-E407-457D-BE2E-4C7FB7291CB6}.Debug|Any CPU.Build.0 = Debug|Any CPU
		{552103F6-E407-457D-BE2E-4C7FB7291CB6}.Release|Any CPU.ActiveCfg = Release|Any CPU
		{552103F6-E407-457D-BE2E-4C7FB7291CB6}.Release|Any CPU.Build.0 = Release|Any CPU
		{432F05F9-B834-4156-885C-6352DDF37E57}.Debug|Any CPU.ActiveCfg = Debug|Any CPU
		{432F05F9-B834-4156-885C-6352DDF37E57}.Debug|Any CPU.Build.0 = Debug|Any CPU
		{432F05F9-B834-4156-885C-6352DDF37E57}.Release|Any CPU.ActiveCfg = Release|Any CPU
		{432F05F9-B834-4156-885C-6352DDF37E57}.Release|Any CPU.Build.0 = Release|Any CPU
	EndGlobalSection
	GlobalSection(NestedProjects) = preSolution
		{45EB693A-8818-4FD9-B63B-49D4C53F22CC} = {1FA02203-DCAA-4E65-9C38-439D9C5D5A89}
		{5301D834-1E98-4FF1-BB18-36ED2BA3CC8A} = {1FA02203-DCAA-4E65-9C38-439D9C5D5A89}
		{540E0B60-FC08-45BE-B9A8-B6EE8E2C4708} = {1FA02203-DCAA-4E65-9C38-439D9C5D5A89}
		{0DFA01B7-5BB0-40BE-868F-91D9D567F52D} = {1FA02203-DCAA-4E65-9C38-439D9C5D5A89}
		{6198503B-F5A4-4ECC-A164-3C087F409EBA} = {1FA02203-DCAA-4E65-9C38-439D9C5D5A89}
		{B7D6B54B-2BAD-4B07-9166-BD3C99C930CB} = {1FA02203-DCAA-4E65-9C38-439D9C5D5A89}
		{744C9107-11E3-41E6-BD12-9D95FE92B76A} = {5301D834-1E98-4FF1-BB18-36ED2BA3CC8A}
		{80788E1A-714D-42DD-B0ED-7CFBEF8A67AE} = {540E0B60-FC08-45BE-B9A8-B6EE8E2C4708}
		{552103F6-E407-457D-BE2E-4C7FB7291CB6} = {DE652D79-B0D5-40F2-8B91-6E213884FF3D}
		{432F05F9-B834-4156-885C-6352DDF37E57} = {5301D834-1E98-4FF1-BB18-36ED2BA3CC8A}
		{DE652D79-B0D5-40F2-8B91-6E213884FF3D} = {5301D834-1E98-4FF1-BB18-36ED2BA3CC8A}
	EndGlobalSection
EndGlobal
